Microsoft Visual Studio Solution File, Format Version 12.00
# Visual Studio Version 17
VisualStudioVersion = 17.5.2.0
MinimumVisualStudioVersion = 10.0.40219.1
Project("{FAE04EC0-301F-11D3-BF4B-00C04F79EFBC}") = "example1", "example1.csproj", "{555DB84D-2242-5A62-5878-A5CDF91A52AB}"
EndProject
Global
	GlobalSection(SolutionConfigurationPlatforms) = preSolution
		Debug|Any CPU = Debug|Any CPU
		Release|Any CPU = Release|Any CPU
	EndGlobalSection
	GlobalSection(ProjectConfigurationPlatforms) = postSolution
		{555DB84D-2242-5A62-5878-A5CDF91A52AB}.Debug|Any CPU.ActiveCfg = Debug|Any CPU
		{555DB84D-2242-5A62-5878-A5CDF91A52AB}.Debug|Any CPU.Build.0 = Debug|Any CPU
		{555DB84D-2242-5A62-5878-A5CDF91A52AB}.Release|Any CPU.ActiveCfg = Release|Any CPU
		{555DB84D-2242-5A62-5878-A5CDF91A52AB}.Release|Any CPU.Build.0 = Release|Any CPU
	EndGlobalSection
	GlobalSection(SolutionProperties) = preSolution
		HideSolutionNode = FALSE
	EndGlobalSection
	GlobalSection(ExtensibilityGlobals) = postSolution
		SolutionGuid = {594EAB12-2BF9-48F3-B03E-352F65548E23}
	EndGlobalSection
EndGlobal
